// !$*UTF8*$!
{
	archiveVersion = 1;
	classes = {
	};
	objectVersion = 50;
	objects = {

/* Begin PBXBuildFile section */
		6F588BA126306B6E00FE817C /* baseline_flash_on_black_48pt_3x.png in Resources */ = {isa = PBXBuildFile; fileRef = 6F588B9F26306B6E00FE817C /* baseline_flash_on_black_48pt_3x.png */; };
		6F588BA226306B6E00FE817C /* baseline_flash_off_black_48pt_3x.png in Resources */ = {isa = PBXBuildFile; fileRef = 6F588BA026306B6E00FE817C /* baseline_flash_off_black_48pt_3x.png */; };
		6F588BA526306C1700FE817C /* baseline_flip_camera_ios_black_48pt_3x.png in Resources */ = {isa = PBXBuildFile; fileRef = 6F588BA426306C1700FE817C /* baseline_flip_camera_ios_black_48pt_3x.png */; };
		6F588BAB26306CA500FE817C /* baseline_camera_black_48pt_3x.png in Resources */ = {isa = PBXBuildFile; fileRef = 6F588BAA26306CA500FE817C /* baseline_camera_black_48pt_3x.png */; };
		6F588BC92630795A00FE817C /* music2.mp3 in Resources */ = {isa = PBXBuildFile; fileRef = 6F588BC42630795A00FE817C /* music2.mp3 */; };
		6F588BCA2630795A00FE817C /* video3.mp4 in Resources */ = {isa = PBXBuildFile; fileRef = 6F588BC52630795A00FE817C /* video3.mp4 */; };
		6F588BCB2630795A00FE817C /* music1.mp3 in Resources */ = {isa = PBXBuildFile; fileRef = 6F588BC62630795A00FE817C /* music1.mp3 */; };
		6F588BCC2630795A00FE817C /* video1.mp4 in Resources */ = {isa = PBXBuildFile; fileRef = 6F588BC72630795A00FE817C /* video1.mp4 */; };
		6F588BCD2630795A00FE817C /* video2.mp4 in Resources */ = {isa = PBXBuildFile; fileRef = 6F588BC82630795A00FE817C /* video2.mp4 */; };
		6F649D43263021EE00AE8C6C /* AppDelegate.swift in Sources */ = {isa = PBXBuildFile; fileRef = 6F649D42263021EE00AE8C6C /* AppDelegate.swift */; };
		6F649D45263021EE00AE8C6C /* SceneDelegate.swift in Sources */ = {isa = PBXBuildFile; fileRef = 6F649D44263021EE00AE8C6C /* SceneDelegate.swift */; };
		6F649D47263021EE00AE8C6C /* ViewController.swift in Sources */ = {isa = PBXBuildFile; fileRef = 6F649D46263021EE00AE8C6C /* ViewController.swift */; };
		6F649D4A263021EE00AE8C6C /* Main.storyboard in Resources */ = {isa = PBXBuildFile; fileRef = 6F649D48263021EE00AE8C6C /* Main.storyboard */; };
		6F649D4C263021F700AE8C6C /* Assets.xcassets in Resources */ = {isa = PBXBuildFile; fileRef = 6F649D4B263021F700AE8C6C /* Assets.xcassets */; };
		6F649D4F263021F700AE8C6C /* LaunchScreen.storyboard in Resources */ = {isa = PBXBuildFile; fileRef = 6F649D4D263021F700AE8C6C /* LaunchScreen.storyboard */; };
		6F649D6926305EC400AE8C6C /* CameraViewController.swift in Sources */ = {isa = PBXBuildFile; fileRef = 6F649D6826305EC400AE8C6C /* CameraViewController.swift */; };
		6F649D6E2630647F00AE8C6C /* baseline_flash_off_black_24dp.png in Resources */ = {isa = PBXBuildFile; fileRef = 6F649D6B2630647F00AE8C6C /* baseline_flash_off_black_24dp.png */; };
		6F649D6F2630647F00AE8C6C /* baseline_camera_black_24dp.png in Resources */ = {isa = PBXBuildFile; fileRef = 6F649D6C2630647F00AE8C6C /* baseline_camera_black_24dp.png */; };
		6F649D702630647F00AE8C6C /* baseline_cameraswitch_black_24dp.png in Resources */ = {isa = PBXBuildFile; fileRef = 6F649D6D2630647F00AE8C6C /* baseline_cameraswitch_black_24dp.png */; };
/* End PBXBuildFile section */

/* Begin PBXFileReference section */
		6F588B9F26306B6E00FE817C /* baseline_flash_on_black_48pt_3x.png */ = {isa = PBXFileReference; lastKnownFileType = image.png; path = baseline_flash_on_black_48pt_3x.png; sourceTree = "<group>"; };
		6F588BA026306B6E00FE817C /* baseline_flash_off_black_48pt_3x.png */ = {isa = PBXFileReference; lastKnownFileType = image.png; path = baseline_flash_off_black_48pt_3x.png; sourceTree = "<group>"; };
		6F588BA426306C1700FE817C /* baseline_flip_camera_ios_black_48pt_3x.png */ = {isa = PBXFileReference; lastKnownFileType = image.png; path = baseline_flip_camera_ios_black_48pt_3x.png; sourceTree = "<group>"; };
		6F588BAA26306CA500FE817C /* baseline_camera_black_48pt_3x.png */ = {isa = PBXFileReference; lastKnownFileType = image.png; path = baseline_camera_black_48pt_3x.png; sourceTree = "<group>"; };
		6F588BC42630795A00FE817C /* music2.mp3 */ = {isa = PBXFileReference; lastKnownFileType = audio.mp3; path = music2.mp3; sourceTree = "<group>"; };
		6F588BC52630795A00FE817C /* video3.mp4 */ = {isa = PBXFileReference; lastKnownFileType = file; path = video3.mp4; sourceTree = "<group>"; };
		6F588BC62630795A00FE817C /* music1.mp3 */ = {isa = PBXFileReference; lastKnownFileType = audio.mp3; path = music1.mp3; sourceTree = "<group>"; };
		6F588BC72630795A00FE817C /* video1.mp4 */ = {isa = PBXFileReference; lastKnownFileType = file; path = video1.mp4; sourceTree = "<group>"; };
		6F588BC82630795A00FE817C /* video2.mp4 */ = {isa = PBXFileReference; lastKnownFileType = file; path = video2.mp4; sourceTree = "<group>"; };
		6F649D3F263021EE00AE8C6C /* Homework13.app */ = {isa = PBXFileReference; explicitFileType = wrapper.application; includeInIndex = 0; path = Homework13.app; sourceTree = BUILT_PRODUCTS_DIR; };
		6F649D42263021EE00AE8C6C /* AppDelegate.swift */ = {isa = PBXFileReference; lastKnownFileType = sourcecode.swift; path = AppDelegate.swift; sourceTree = "<group>"; };
		6F649D44263021EE00AE8C6C /* SceneDelegate.swift */ = {isa = PBXFileReference; lastKnownFileType = sourcecode.swift; path = SceneDelegate.swift; sourceTree = "<group>"; };
		6F649D46263021EE00AE8C6C /* ViewController.swift */ = {isa = PBXFileReference; lastKnownFileType = sourcecode.swift; path = ViewController.swift; sourceTree = "<group>"; };
		6F649D49263021EE00AE8C6C /* Base */ = {isa = PBXFileReference; lastKnownFileType = file.storyboard; name = Base; path = Base.lproj/Main.storyboard; sourceTree = "<group>"; };
		6F649D4B263021F700AE8C6C /* Assets.xcassets */ = {isa = PBXFileReference; lastKnownFileType = folder.assetcatalog; path = Assets.xcassets; sourceTree = "<group>"; };
		6F649D4E263021F700AE8C6C /* Base */ = {isa = PBXFileReference; lastKnownFileType = file.storyboard; name = Base; path = Base.lproj/LaunchScreen.storyboard; sourceTree = "<group>"; };
		6F649D50263021F700AE8C6C /* Info.plist */ = {isa = PBXFileReference; lastKnownFileType = text.plist.xml; path = Info.plist; sourceTree = "<group>"; };
		6F649D6826305EC400AE8C6C /* CameraViewController.swift */ = {isa = PBXFileReference; lastKnownFileType = sourcecode.swift; path = CameraViewController.swift; sourceTree = "<group>"; };
		6F649D6B2630647F00AE8C6C /* baseline_flash_off_black_24dp.png */ = {isa = PBXFileReference; lastKnownFileType = image.png; path = baseline_flash_off_black_24dp.png; sourceTree = "<group>"; };
		6F649D6C2630647F00AE8C6C /* baseline_camera_black_24dp.png */ = {isa = PBXFileReference; lastKnownFileType = image.png; path = baseline_camera_black_24dp.png; sourceTree = "<group>"; };
		6F649D6D2630647F00AE8C6C /* baseline_cameraswitch_black_24dp.png */ = {isa = PBXFileReference; lastKnownFileType = image.png; path = baseline_cameraswitch_black_24dp.png; sourceTree = "<group>"; };
/* End PBXFileReference section */

/* Begin PBXFrameworksBuildPhase section */
		6F649D3C263021EE00AE8C6C /* Frameworks */ = {
			isa = PBXFrameworksBuildPhase;
			buildActionMask = 2147483647;
			files = (
			);
			runOnlyForDeploymentPostprocessing = 0;
		};
/* End PBXFrameworksBuildPhase section */

/* Begin PBXGroup section */
		6F649D36263021EE00AE8C6C = {
			isa = PBXGroup;
			children = (
				6F649D41263021EE00AE8C6C /* Homework13 */,
				6F649D40263021EE00AE8C6C /* Products */,
			);
			sourceTree = "<group>";
		};
		6F649D40263021EE00AE8C6C /* Products */ = {
			isa = PBXGroup;
			children = (
				6F649D3F263021EE00AE8C6C /* Homework13.app */,
			);
			name = Products;
			sourceTree = "<group>";
		};
		6F649D41263021EE00AE8C6C /* Homework13 */ = {
			isa = PBXGroup;
			children = (
				6F649D42263021EE00AE8C6C /* AppDelegate.swift */,
				6F649D44263021EE00AE8C6C /* SceneDelegate.swift */,
				6F649D46263021EE00AE8C6C /* ViewController.swift */,
				6F649D48263021EE00AE8C6C /* Main.storyboard */,
				6F649D6826305EC400AE8C6C /* CameraViewController.swift */,
				6F649D4B263021F700AE8C6C /* Assets.xcassets */,
				6F649D4D263021F700AE8C6C /* LaunchScreen.storyboard */,
				6F649D50263021F700AE8C6C /* Info.plist */,
				6F649D6C2630647F00AE8C6C /* baseline_camera_black_24dp.png */,
				6F649D6D2630647F00AE8C6C /* baseline_cameraswitch_black_24dp.png */,
				6F649D6B2630647F00AE8C6C /* baseline_flash_off_black_24dp.png */,
				6F588BA026306B6E00FE817C /* baseline_flash_off_black_48pt_3x.png */,
				6F588B9F26306B6E00FE817C /* baseline_flash_on_black_48pt_3x.png */,
				6F588BAA26306CA500FE817C /* baseline_camera_black_48pt_3x.png */,
				6F588BA426306C1700FE817C /* baseline_flip_camera_ios_black_48pt_3x.png */,
				6F588BC72630795A00FE817C /* video1.mp4 */,
				6F588BC82630795A00FE817C /* video2.mp4 */,
				6F588BC52630795A00FE817C /* video3.mp4 */,
				6F588BC62630795A00FE817C /* music1.mp3 */,
				6F588BC42630795A00FE817C /* music2.mp3 */,
			);
			path = Homework13;
			sourceTree = "<group>";
		};
/* End PBXGroup section */

/* Begin PBXNativeTarget section */
		6F649D3E263021EE00AE8C6C /* Homework13 */ = {
			isa = PBXNativeTarget;
			buildConfigurationList = 6F649D53263021F700AE8C6C /* Build configuration list for PBXNativeTarget "Homework13" */;
			buildPhases = (
				6F649D3B263021EE00AE8C6C /* Sources */,
				6F649D3C263021EE00AE8C6C /* Frameworks */,
				6F649D3D263021EE00AE8C6C /* Resources */,
			);
			buildRules = (
			);
			dependencies = (
			);
			name = Homework13;
			productName = Homework13;
			productReference = 6F649D3F263021EE00AE8C6C /* Homework13.app */;
			productType = "com.apple.product-type.application";
		};
/* End PBXNativeTarget section */

/* Begin PBXProject section */
		6F649D37263021EE00AE8C6C /* Project object */ = {
			isa = PBXProject;
			attributes = {
				LastSwiftUpdateCheck = 1240;
				LastUpgradeCheck = 1240;
				TargetAttributes = {
					6F649D3E263021EE00AE8C6C = {
						CreatedOnToolsVersion = 12.4;
					};
				};
			};
			buildConfigurationList = 6F649D3A263021EE00AE8C6C /* Build configuration list for PBXProject "Homework13" */;
			compatibilityVersion = "Xcode 9.3";
			developmentRegion = en;
			hasScannedForEncodings = 0;
			knownRegions = (
				en,
				Base,
			);
			mainGroup = 6F649D36263021EE00AE8C6C;
			productRefGroup = 6F649D40263021EE00AE8C6C /* Products */;
			projectDirPath = "";
			projectRoot = "";
			targets = (
				6F649D3E263021EE00AE8C6C /* Homework13 */,
			);
		};
/* End PBXProject section */

/* Begin PBXResourcesBuildPhase section */
		6F649D3D263021EE00AE8C6C /* Resources */ = {
			isa = PBXResourcesBuildPhase;
			buildActionMask = 2147483647;
			files = (
				6F588BCC2630795A00FE817C /* video1.mp4 in Resources */,
				6F649D4F263021F700AE8C6C /* LaunchScreen.storyboard in Resources */,
				6F588BA126306B6E00FE817C /* baseline_flash_on_black_48pt_3x.png in Resources */,
				6F588BA226306B6E00FE817C /* baseline_flash_off_black_48pt_3x.png in Resources */,
				6F649D6F2630647F00AE8C6C /* baseline_camera_black_24dp.png in Resources */,
				6F649D6E2630647F00AE8C6C /* baseline_flash_off_black_24dp.png in Resources */,
				6F588BCD2630795A00FE817C /* video2.mp4 in Resources */,
				6F588BA526306C1700FE817C /* baseline_flip_camera_ios_black_48pt_3x.png in Resources */,
				6F649D4C263021F700AE8C6C /* Assets.xcassets in Resources */,
				6F588BC92630795A00FE817C /* music2.mp3 in Resources */,
				6F588BCA2630795A00FE817C /* video3.mp4 in Resources */,
				6F588BCB2630795A00FE817C /* music1.mp3 in Resources */,
				6F649D4A263021EE00AE8C6C /* Main.storyboard in Resources */,
				6F588BAB26306CA500FE817C /* baseline_camera_black_48pt_3x.png in Resources */,
				6F649D702630647F00AE8C6C /* baseline_cameraswitch_black_24dp.png in Resources */,
			);
			runOnlyForDeploymentPostprocessing = 0;
		};
/* End PBXResourcesBuildPhase section */

/* Begin PBXSourcesBuildPhase section */
		6F649D3B263021EE00AE8C6C /* Sources */ = {
			isa = PBXSourcesBuildPhase;
			buildActionMask = 2147483647;
			files = (
				6F649D47263021EE00AE8C6C /* ViewController.swift in Sources */,
				6F649D6926305EC400AE8C6C /* CameraViewController.swift in Sources */,
				6F649D43263021EE00AE8C6C /* AppDelegate.swift in Sources */,
				6F649D45263021EE00AE8C6C /* SceneDelegate.swift in Sources */,
			);
			runOnlyForDeploymentPostprocessing = 0;
		};
/* End PBXSourcesBuildPhase section */

/* Begin PBXVariantGroup section */
		6F649D48263021EE00AE8C6C /* Main.storyboard */ = {
			isa = PBXVariantGroup;
			children = (
				6F649D49263021EE00AE8C6C /* Base */,
			);
			name = Main.storyboard;
			sourceTree = "<group>";
		};
		6F649D4D263021F700AE8C6C /* LaunchScreen.storyboard */ = {
			isa = PBXVariantGroup;
			children = (
				6F649D4E263021F700AE8C6C /* Base */,
			);
			name = LaunchScreen.storyboard;
			sourceTree = "<group>";
		};
/* End PBXVariantGroup section */

/* Begin XCBuildConfiguration section */
		6F649D51263021F700AE8C6C /* Debug */ = {
			isa = XCBuildConfiguration;
			buildSettings = {
				ALWAYS_SEARCH_USER_PATHS = NO;
				CLANG_ANALYZER_NONNULL = YES;
				CLANG_ANALYZER_NUMBER_OBJECT_CONVERSION = YES_AGGRESSIVE;
				CLANG_CXX_LANGUAGE_STANDARD = "gnu++14";
				CLANG_CXX_LIBRARY = "libc++";
				CLANG_ENABLE_MODULES = YES;
				CLANG_ENABLE_OBJC_ARC = YES;
				CLANG_ENABLE_OBJC_WEAK = YES;
				CLANG_WARN_BLOCK_CAPTURE_AUTORELEASING = YES;
				CLANG_WARN_BOOL_CONVERSION = YES;
				CLANG_WARN_COMMA = YES;
				CLANG_WARN_CONSTANT_CONVERSION = YES;
				CLANG_WARN_DEPRECATED_OBJC_IMPLEMENTATIONS = YES;
				CLANG_WARN_DIRECT_OBJC_ISA_USAGE = YES_ERROR;
				CLANG_WARN_DOCUMENTATION_COMMENTS = YES;
				CLANG_WARN_EMPTY_BODY = YES;
				CLANG_WARN_ENUM_CONVERSION = YES;
				CLANG_WARN_INFINITE_RECURSION = YES;
				CLANG_WARN_INT_CONVERSION = YES;
				CLANG_WARN_NON_LITERAL_NULL_CONVERSION = YES;
				CLANG_WARN_OBJC_IMPLICIT_RETAIN_SELF = YES;
				CLANG_WARN_OBJC_LITERAL_CONVERSION = YES;
				CLANG_WARN_OBJC_ROOT_CLASS = YES_ERROR;
				CLANG_WARN_QUOTED_INCLUDE_IN_FRAMEWORK_HEADER = YES;
				CLANG_WARN_RANGE_LOOP_ANALYSIS = YES;
				CLANG_WARN_STRICT_PROTOTYPES = YES;
				CLANG_WARN_SUSPICIOUS_MOVE = YES;
				CLANG_WARN_UNGUARDED_AVAILABILITY = YES_AGGRESSIVE;
				CLANG_WARN_UNREACHABLE_CODE = YES;
				CLANG_WARN__DUPLICATE_METHOD_MATCH = YES;
				COPY_PHASE_STRIP = NO;
				DEBUG_INFORMATION_FORMAT = dwarf;
				ENABLE_STRICT_OBJC_MSGSEND = YES;
				ENABLE_TESTABILITY = YES;
				GCC_C_LANGUAGE_STANDARD = gnu11;
				GCC_DYNAMIC_NO_PIC = NO;
				GCC_NO_COMMON_BLOCKS = YES;
				GCC_OPTIMIZATION_LEVEL = 0;
				GCC_PREPROCESSOR_DEFINITIONS = (
					"DEBUG=1",
					"$(inherited)",
				);
				GCC_WARN_64_TO_32_BIT_CONVERSION = YES;
				GCC_WARN_ABOUT_RETURN_TYPE = YES_ERROR;
				GCC_WARN_UNDECLARED_SELECTOR = YES;
				GCC_WARN_UNINITIALIZED_AUTOS = YES_AGGRESSIVE;
				GCC_WARN_UNUSED_FUNCTION = YES;
				GCC_WARN_UNUSED_VARIABLE = YES;
				IPHONEOS_DEPLOYMENT_TARGET = 14.4;
				MTL_ENABLE_DEBUG_INFO = INCLUDE_SOURCE;
				MTL_FAST_MATH = YES;
				ONLY_ACTIVE_ARCH = YES;
				SDKROOT = iphoneos;
				SWIFT_ACTIVE_COMPILATION_CONDITIONS = DEBUG;
				SWIFT_OPTIMIZATION_LEVEL = "-Onone";
			};
			name = Debug;
		};
		6F649D52263021F700AE8C6C /* Release */ = {
			isa = XCBuildConfiguration;
			buildSettings = {
				ALWAYS_SEARCH_USER_PATHS = NO;
				CLANG_ANALYZER_NONNULL = YES;
				CLANG_ANALYZER_NUMBER_OBJECT_CONVERSION = YES_AGGRESSIVE;
				CLANG_CXX_LANGUAGE_STANDARD = "gnu++14";
				CLANG_CXX_LIBRARY = "libc++";
				CLANG_ENABLE_MODULES = YES;
				CLANG_ENABLE_OBJC_ARC = YES;
				CLANG_ENABLE_OBJC_WEAK = YES;
				CLANG_WARN_BLOCK_CAPTURE_AUTORELEASING = YES;
				CLANG_WARN_BOOL_CONVERSION = YES;
				CLANG_WARN_COMMA = YES;
				CLANG_WARN_CONSTANT_CONVERSION = YES;
				CLANG_WARN_DEPRECATED_OBJC_IMPLEMENTATIONS = YES;
				CLANG_WARN_DIRECT_OBJC_ISA_USAGE = YES_ERROR;
				CLANG_WARN_DOCUMENTATION_COMMENTS = YES;
				CLANG_WARN_EMPTY_BODY = YES;
				CLANG_WARN_ENUM_CONVERSION = YES;
				CLANG_WARN_INFINITE_RECURSION = YES;
				CLANG_WARN_INT_CONVERSION = YES;
				CLANG_WARN_NON_LITERAL_NULL_CONVERSION = YES;
				CLANG_WARN_OBJC_IMPLICIT_RETAIN_SELF = YES;
				CLANG_WARN_OBJC_LITERAL_CONVERSION = YES;
				CLANG_WARN_OBJC_ROOT_CLASS = YES_ERROR;
				CLANG_WARN_QUOTED_INCLUDE_IN_FRAMEWORK_HEADER = YES;
				CLANG_WARN_RANGE_LOOP_ANALYSIS = YES;
				CLANG_WARN_STRICT_PROTOTYPES = YES;
				CLANG_WARN_SUSPICIOUS_MOVE = YES;
				CLANG_WARN_UNGUARDED_AVAILABILITY = YES_AGGRESSIVE;
				CLANG_WARN_UNREACHABLE_CODE = YES;
				CLANG_WARN__DUPLICATE_METHOD_MATCH = YES;
				COPY_PHASE_STRIP = NO;
				DEBUG_INFORMATION_FORMAT = "dwarf-with-dsym";
				ENABLE_NS_ASSERTIONS = NO;
				ENABLE_STRICT_OBJC_MSGSEND = YES;
				GCC_C_LANGUAGE_STANDARD = gnu11;
				GCC_NO_COMMON_BLOCKS = YES;
				GCC_WARN_64_TO_32_BIT_CONVERSION = YES;
				GCC_WARN_ABOUT_RETURN_TYPE = YES_ERROR;
				GCC_WARN_UNDECLARED_SELECTOR = YES;
				GCC_WARN_UNINITIALIZED_AUTOS = YES_AGGRESSIVE;
				GCC_WARN_UNUSED_FUNCTION = YES;
				GCC_WARN_UNUSED_VARIABLE = YES;
				IPHONEOS_DEPLOYMENT_TARGET = 14.4;
				MTL_ENABLE_DEBUG_INFO = NO;
				MTL_FAST_MATH = YES;
				SDKROOT = iphoneos;
				SWIFT_COMPILATION_MODE = wholemodule;
				SWIFT_OPTIMIZATION_LEVEL = "-O";
				VALIDATE_PRODUCT = YES;
			};
			name = Release;
		};
		6F649D54263021F700AE8C6C /* Debug */ = {
			isa = XCBuildConfiguration;
			buildSettings = {
				ASSETCATALOG_COMPILER_APPICON_NAME = AppIcon;
				ASSETCATALOG_COMPILER_GLOBAL_ACCENT_COLOR_NAME = AccentColor;
				CODE_SIGN_STYLE = Automatic;
				DEVELOPMENT_TEAM = Y3J9DR9455;
				INFOPLIST_FILE = Homework13/Info.plist;
				LD_RUNPATH_SEARCH_PATHS = (
					"$(inherited)",
					"@executable_path/Frameworks",
				);
				PRODUCT_BUNDLE_IDENTIFIER = Skillbox.Homework13;
				PRODUCT_NAME = "$(TARGET_NAME)";
				SWIFT_VERSION = 5.0;
				TARGETED_DEVICE_FAMILY = "1,2";
			};
			name = Debug;
		};
		6F649D55263021F700AE8C6C /* Release */ = {
			isa = XCBuildConfiguration;
			buildSettings = {
				ASSETCATALOG_COMPILER_APPICON_NAME = AppIcon;
				ASSETCATALOG_COMPILER_GLOBAL_ACCENT_COLOR_NAME = AccentColor;
				CODE_SIGN_STYLE = Automatic;
				DEVELOPMENT_TEAM = Y3J9DR9455;
				INFOPLIST_FILE = Homework13/Info.plist;
				LD_RUNPATH_SEARCH_PATHS = (
					"$(inherited)",
					"@executable_path/Frameworks",
				);
				PRODUCT_BUNDLE_IDENTIFIER = Skillbox.Homework13;
				PRODUCT_NAME = "$(TARGET_NAME)";
				SWIFT_VERSION = 5.0;
				TARGETED_DEVICE_FAMILY = "1,2";
			};
			name = Release;
		};
/* End XCBuildConfiguration section */

/* Begin XCConfigurationList section */
		6F649D3A263021EE00AE8C6C /* Build configuration list for PBXProject "Homework13" */ = {
			isa = XCConfigurationList;
			buildConfigurations = (
				6F649D51263021F700AE8C6C /* Debug */,
				6F649D52263021F700AE8C6C /* Release */,
			);
			defaultConfigurationIsVisible = 0;
			defaultConfigurationName = Release;
		};
		6F649D53263021F700AE8C6C /* Build configuration list for PBXNativeTarget "Homework13" */ = {
			isa = XCConfigurationList;
			buildConfigurations = (
				6F649D54263021F700AE8C6C /* Debug */,
				6F649D55263021F700AE8C6C /* Release */,
			);
			defaultConfigurationIsVisible = 0;
			defaultConfigurationName = Release;
		};
/* End XCConfigurationList section */
	};
	rootObject = 6F649D37263021EE00AE8C6C /* Project object */;
}
